// !$*UTF8*$!
{
	archiveVersion = 1;
	classes = {
	};
	objectVersion = 56;
	objects = {

/* Begin PBXBuildFile section */
		232780EA2AE6FED500D6159F /* Firebase_Login_TestApp.swift in Sources */ = {isa = PBXBuildFile; fileRef = 232780E92AE6FED500D6159F /* Firebase_Login_TestApp.swift */; };
		232780EC2AE6FED500D6159F /* ContentView.swift in Sources */ = {isa = PBXBuildFile; fileRef = 232780EB2AE6FED500D6159F /* ContentView.swift */; };
		232780EE2AE6FED600D6159F /* Assets.xcassets in Resources */ = {isa = PBXBuildFile; fileRef = 232780ED2AE6FED600D6159F /* Assets.xcassets */; };
		232780F12AE6FED600D6159F /* Preview Assets.xcassets in Resources */ = {isa = PBXBuildFile; fileRef = 232780F02AE6FED600D6159F /* Preview Assets.xcassets */; };
		232780F82AE6FFB000D6159F /* GoogleService-Info.plist in Resources */ = {isa = PBXBuildFile; fileRef = 232780F72AE6FFB000D6159F /* GoogleService-Info.plist */; };
		232780FB2AE7019800D6159F /* FirebaseAuth in Frameworks */ = {isa = PBXBuildFile; productRef = 232780FA2AE7019800D6159F /* FirebaseAuth */; };
		232780FD2AE7019800D6159F /* FirebaseDatabase in Frameworks */ = {isa = PBXBuildFile; productRef = 232780FC2AE7019800D6159F /* FirebaseDatabase */; };
		232780FF2AE7019800D6159F /* FirebaseFirestore in Frameworks */ = {isa = PBXBuildFile; productRef = 232780FE2AE7019800D6159F /* FirebaseFirestore */; };
		232781012AE7019800D6159F /* FirebaseFirestoreSwift in Frameworks */ = {isa = PBXBuildFile; productRef = 232781002AE7019800D6159F /* FirebaseFirestoreSwift */; };
		232781032AE7019800D6159F /* FirebaseStorage in Frameworks */ = {isa = PBXBuildFile; productRef = 232781022AE7019800D6159F /* FirebaseStorage */; };
		232781052AE70A4400D6159F /* AppDelegate.swift in Sources */ = {isa = PBXBuildFile; fileRef = 232781042AE70A4400D6159F /* AppDelegate.swift */; };
/* End PBXBuildFile section */

/* Begin PBXFileReference section */
		232780E62AE6FED500D6159F /* Firebase_Login_Test.app */ = {isa = PBXFileReference; explicitFileType = wrapper.application; includeInIndex = 0; path = Firebase_Login_Test.app; sourceTree = BUILT_PRODUCTS_DIR; };
		232780E92AE6FED500D6159F /* Firebase_Login_TestApp.swift */ = {isa = PBXFileReference; lastKnownFileType = sourcecode.swift; path = Firebase_Login_TestApp.swift; sourceTree = "<group>"; };
		232780EB2AE6FED500D6159F /* ContentView.swift */ = {isa = PBXFileReference; lastKnownFileType = sourcecode.swift; path = ContentView.swift; sourceTree = "<group>"; };
		232780ED2AE6FED600D6159F /* Assets.xcassets */ = {isa = PBXFileReference; lastKnownFileType = folder.assetcatalog; path = Assets.xcassets; sourceTree = "<group>"; };
		232780F02AE6FED600D6159F /* Preview Assets.xcassets */ = {isa = PBXFileReference; lastKnownFileType = folder.assetcatalog; path = "Preview Assets.xcassets"; sourceTree = "<group>"; };
		232780F72AE6FFB000D6159F /* GoogleService-Info.plist */ = {isa = PBXFileReference; fileEncoding = 4; lastKnownFileType = text.plist.xml; path = "GoogleService-Info.plist"; sourceTree = "<group>"; };
		232781042AE70A4400D6159F /* AppDelegate.swift */ = {isa = PBXFileReference; lastKnownFileType = sourcecode.swift; path = AppDelegate.swift; sourceTree = "<group>"; };
/* End PBXFileReference section */

/* Begin PBXFrameworksBuildPhase section */
		232780E32AE6FED500D6159F /* Frameworks */ = {
			isa = PBXFrameworksBuildPhase;
			buildActionMask = 2147483647;
			files = (
				232780FD2AE7019800D6159F /* FirebaseDatabase in Frameworks */,
				232780FB2AE7019800D6159F /* FirebaseAuth in Frameworks */,
				232780FF2AE7019800D6159F /* FirebaseFirestore in Frameworks */,
				232781032AE7019800D6159F /* FirebaseStorage in Frameworks */,
				232781012AE7019800D6159F /* FirebaseFirestoreSwift in Frameworks */,
			);
			runOnlyForDeploymentPostprocessing = 0;
		};
/* End PBXFrameworksBuildPhase section */

/* Begin PBXGroup section */
		232780DD2AE6FED500D6159F = {
			isa = PBXGroup;
			children = (
				232780E82AE6FED500D6159F /* Firebase_Login_Test */,
				232780E72AE6FED500D6159F /* Products */,
			);
			sourceTree = "<group>";
		};
		232780E72AE6FED500D6159F /* Products */ = {
			isa = PBXGroup;
			children = (
				232780E62AE6FED500D6159F /* Firebase_Login_Test.app */,
			);
			name = Products;
			sourceTree = "<group>";
		};
		232780E82AE6FED500D6159F /* Firebase_Login_Test */ = {
			isa = PBXGroup;
			children = (
				232780F72AE6FFB000D6159F /* GoogleService-Info.plist */,
				232780E92AE6FED500D6159F /* Firebase_Login_TestApp.swift */,
				232781042AE70A4400D6159F /* AppDelegate.swift */,
				232780EB2AE6FED500D6159F /* ContentView.swift */,
				232780ED2AE6FED600D6159F /* Assets.xcassets */,
				232780EF2AE6FED600D6159F /* Preview Content */,
			);
			path = Firebase_Login_Test;
			sourceTree = "<group>";
		};
		232780EF2AE6FED600D6159F /* Preview Content */ = {
			isa = PBXGroup;
			children = (
				232780F02AE6FED600D6159F /* Preview Assets.xcassets */,
			);
			path = "Preview Content";
			sourceTree = "<group>";
		};
/* End PBXGroup section */

/* Begin PBXNativeTarget section */
		232780E52AE6FED500D6159F /* Firebase_Login_Test */ = {
			isa = PBXNativeTarget;
			buildConfigurationList = 232780F42AE6FED600D6159F /* Build configuration list for PBXNativeTarget "Firebase_Login_Test" */;
			buildPhases = (
				232780E22AE6FED500D6159F /* Sources */,
				232780E32AE6FED500D6159F /* Frameworks */,
				232780E42AE6FED500D6159F /* Resources */,
			);
			buildRules = (
			);
			dependencies = (
			);
			name = Firebase_Login_Test;
			packageProductDependencies = (
				232780FA2AE7019800D6159F /* FirebaseAuth */,
				232780FC2AE7019800D6159F /* FirebaseDatabase */,
				232780FE2AE7019800D6159F /* FirebaseFirestore */,
				232781002AE7019800D6159F /* FirebaseFirestoreSwift */,
				232781022AE7019800D6159F /* FirebaseStorage */,
			);
			productName = Firebase_Login_Test;
			productReference = 232780E62AE6FED500D6159F /* Firebase_Login_Test.app */;
			productType = "com.apple.product-type.application";
		};
/* End PBXNativeTarget section */

/* Begin PBXProject section */
		232780DE2AE6FED500D6159F /* Project object */ = {
			isa = PBXProject;
			attributes = {
				BuildIndependentTargetsInParallel = 1;
				LastSwiftUpdateCheck = 1420;
				LastUpgradeCheck = 1420;
				TargetAttributes = {
					232780E52AE6FED500D6159F = {
						CreatedOnToolsVersion = 14.2;
					};
				};
			};
			buildConfigurationList = 232780E12AE6FED500D6159F /* Build configuration list for PBXProject "Firebase_Login_Test" */;
			compatibilityVersion = "Xcode 14.0";
			developmentRegion = en;
			hasScannedForEncodings = 0;
			knownRegions = (
				en,
				Base,
			);
			mainGroup = 232780DD2AE6FED500D6159F;
			packageReferences = (
				232780F92AE7019800D6159F /* XCRemoteSwiftPackageReference "firebase-ios-sdk" */,
			);
			productRefGroup = 232780E72AE6FED500D6159F /* Products */;
			projectDirPath = "";
			projectRoot = "";
			targets = (
				232780E52AE6FED500D6159F /* Firebase_Login_Test */,
			);
		};
/* End PBXProject section */

/* Begin PBXResourcesBuildPhase section */
		232780E42AE6FED500D6159F /* Resources */ = {
			isa = PBXResourcesBuildPhase;
			buildActionMask = 2147483647;
			files = (
				232780F12AE6FED600D6159F /* Preview Assets.xcassets in Resources */,
				232780EE2AE6FED600D6159F /* Assets.xcassets in Resources */,
				232780F82AE6FFB000D6159F /* GoogleService-Info.plist in Resources */,
			);
			runOnlyForDeploymentPostprocessing = 0;
		};
/* End PBXResourcesBuildPhase section */

/* Begin PBXSourcesBuildPhase section */
		232780E22AE6FED500D6159F /* Sources */ = {
			isa = PBXSourcesBuildPhase;
			buildActionMask = 2147483647;
			files = (
				232781052AE70A4400D6159F /* AppDelegate.swift in Sources */,
				232780EC2AE6FED500D6159F /* ContentView.swift in Sources */,
				232780EA2AE6FED500D6159F /* Firebase_Login_TestApp.swift in Sources */,
			);
			runOnlyForDeploymentPostprocessing = 0;
		};
/* End PBXSourcesBuildPhase section */

/* Begin XCBuildConfiguration section */
		232780F22AE6FED600D6159F /* Debug */ = {
			isa = XCBuildConfiguration;
			buildSettings = {
				ALWAYS_SEARCH_USER_PATHS = NO;
				CLANG_ANALYZER_NONNULL = YES;
				CLANG_ANALYZER_NUMBER_OBJECT_CONVERSION = YES_AGGRESSIVE;
				CLANG_CXX_LANGUAGE_STANDARD = "gnu++20";
				CLANG_ENABLE_MODULES = YES;
				CLANG_ENABLE_OBJC_ARC = YES;
				CLANG_ENABLE_OBJC_WEAK = YES;
				CLANG_WARN_BLOCK_CAPTURE_AUTORELEASING = YES;
				CLANG_WARN_BOOL_CONVERSION = YES;
				CLANG_WARN_COMMA = YES;
				CLANG_WARN_CONSTANT_CONVERSION = YES;
				CLANG_WARN_DEPRECATED_OBJC_IMPLEMENTATIONS = YES;
				CLANG_WARN_DIRECT_OBJC_ISA_USAGE = YES_ERROR;
				CLANG_WARN_DOCUMENTATION_COMMENTS = YES;
				CLANG_WARN_EMPTY_BODY = YES;
				CLANG_WARN_ENUM_CONVERSION = YES;
				CLANG_WARN_INFINITE_RECURSION = YES;
				CLANG_WARN_INT_CONVERSION = YES;
				CLANG_WARN_NON_LITERAL_NULL_CONVERSION = YES;
				CLANG_WARN_OBJC_IMPLICIT_RETAIN_SELF = YES;
				CLANG_WARN_OBJC_LITERAL_CONVERSION = YES;
				CLANG_WARN_OBJC_ROOT_CLASS = YES_ERROR;
				CLANG_WARN_QUOTED_INCLUDE_IN_FRAMEWORK_HEADER = YES;
				CLANG_WARN_RANGE_LOOP_ANALYSIS = YES;
				CLANG_WARN_STRICT_PROTOTYPES = YES;
				CLANG_WARN_SUSPICIOUS_MOVE = YES;
				CLANG_WARN_UNGUARDED_AVAILABILITY = YES_AGGRESSIVE;
				CLANG_WARN_UNREACHABLE_CODE = YES;
				CLANG_WARN__DUPLICATE_METHOD_MATCH = YES;
				COPY_PHASE_STRIP = NO;
				DEBUG_INFORMATION_FORMAT = dwarf;
				ENABLE_STRICT_OBJC_MSGSEND = YES;
				ENABLE_TESTABILITY = YES;
				GCC_C_LANGUAGE_STANDARD = gnu11;
				GCC_DYNAMIC_NO_PIC = NO;
				GCC_NO_COMMON_BLOCKS = YES;
				GCC_OPTIMIZATION_LEVEL = 0;
				GCC_PREPROCESSOR_DEFINITIONS = (
					"DEBUG=1",
					"$(inherited)",
				);
				GCC_WARN_64_TO_32_BIT_CONVERSION = YES;
				GCC_WARN_ABOUT_RETURN_TYPE = YES_ERROR;
				GCC_WARN_UNDECLARED_SELECTOR = YES;
				GCC_WARN_UNINITIALIZED_AUTOS = YES_AGGRESSIVE;
				GCC_WARN_UNUSED_FUNCTION = YES;
				GCC_WARN_UNUSED_VARIABLE = YES;
				IPHONEOS_DEPLOYMENT_TARGET = 16.2;
				MTL_ENABLE_DEBUG_INFO = INCLUDE_SOURCE;
				MTL_FAST_MATH = YES;
				ONLY_ACTIVE_ARCH = YES;
				SDKROOT = iphoneos;
				SWIFT_ACTIVE_COMPILATION_CONDITIONS = DEBUG;
				SWIFT_OPTIMIZATION_LEVEL = "-Onone";
			};
			name = Debug;
		};
		232780F32AE6FED600D6159F /* Release */ = {
			isa = XCBuildConfiguration;
			buildSettings = {
				ALWAYS_SEARCH_USER_PATHS = NO;
				CLANG_ANALYZER_NONNULL = YES;
				CLANG_ANALYZER_NUMBER_OBJECT_CONVERSION = YES_AGGRESSIVE;
				CLANG_CXX_LANGUAGE_STANDARD = "gnu++20";
				CLANG_ENABLE_MODULES = YES;
				CLANG_ENABLE_OBJC_ARC = YES;
				CLANG_ENABLE_OBJC_WEAK = YES;
				CLANG_WARN_BLOCK_CAPTURE_AUTORELEASING = YES;
				CLANG_WARN_BOOL_CONVERSION = YES;
				CLANG_WARN_COMMA = YES;
				CLANG_WARN_CONSTANT_CONVERSION = YES;
				CLANG_WARN_DEPRECATED_OBJC_IMPLEMENTATIONS = YES;
				CLANG_WARN_DIRECT_OBJC_ISA_USAGE = YES_ERROR;
				CLANG_WARN_DOCUMENTATION_COMMENTS = YES;
				CLANG_WARN_EMPTY_BODY = YES;
				CLANG_WARN_ENUM_CONVERSION = YES;
				CLANG_WARN_INFINITE_RECURSION = YES;
				CLANG_WARN_INT_CONVERSION = YES;
				CLANG_WARN_NON_LITERAL_NULL_CONVERSION = YES;
				CLANG_WARN_OBJC_IMPLICIT_RETAIN_SELF = YES;
				CLANG_WARN_OBJC_LITERAL_CONVERSION = YES;
				CLANG_WARN_OBJC_ROOT_CLASS = YES_ERROR;
				CLANG_WARN_QUOTED_INCLUDE_IN_FRAMEWORK_HEADER = YES;
				CLANG_WARN_RANGE_LOOP_ANALYSIS = YES;
				CLANG_WARN_STRICT_PROTOTYPES = YES;
				CLANG_WARN_SUSPICIOUS_MOVE = YES;
				CLANG_WARN_UNGUARDED_AVAILABILITY = YES_AGGRESSIVE;
				CLANG_WARN_UNREACHABLE_CODE = YES;
				CLANG_WARN__DUPLICATE_METHOD_MATCH = YES;
				COPY_PHASE_STRIP = NO;
				DEBUG_INFORMATION_FORMAT = "dwarf-with-dsym";
				ENABLE_NS_ASSERTIONS = NO;
				ENABLE_STRICT_OBJC_MSGSEND = YES;
				GCC_C_LANGUAGE_STANDARD = gnu11;
				GCC_NO_COMMON_BLOCKS = YES;
				GCC_WARN_64_TO_32_BIT_CONVERSION = YES;
				GCC_WARN_ABOUT_RETURN_TYPE = YES_ERROR;
				GCC_WARN_UNDECLARED_SELECTOR = YES;
				GCC_WARN_UNINITIALIZED_AUTOS = YES_AGGRESSIVE;
				GCC_WARN_UNUSED_FUNCTION = YES;
				GCC_WARN_UNUSED_VARIABLE = YES;
				IPHONEOS_DEPLOYMENT_TARGET = 16.2;
				MTL_ENABLE_DEBUG_INFO = NO;
				MTL_FAST_MATH = YES;
				SDKROOT = iphoneos;
				SWIFT_COMPILATION_MODE = wholemodule;
				SWIFT_OPTIMIZATION_LEVEL = "-O";
				VALIDATE_PRODUCT = YES;
			};
			name = Release;
		};
		232780F52AE6FED600D6159F /* Debug */ = {
			isa = XCBuildConfiguration;
			buildSettings = {
				ASSETCATALOG_COMPILER_APPICON_NAME = AppIcon;
				ASSETCATALOG_COMPILER_GLOBAL_ACCENT_COLOR_NAME = AccentColor;
				CODE_SIGN_STYLE = Automatic;
				CURRENT_PROJECT_VERSION = 1;
				DEVELOPMENT_ASSET_PATHS = "\"Firebase_Login_Test/Preview Content\"";
				DEVELOPMENT_TEAM = 4DZJGNL44Y;
				ENABLE_PREVIEWS = YES;
				GENERATE_INFOPLIST_FILE = YES;
				INFOPLIST_KEY_UIApplicationSceneManifest_Generation = YES;
				INFOPLIST_KEY_UIApplicationSupportsIndirectInputEvents = YES;
				INFOPLIST_KEY_UILaunchScreen_Generation = YES;
				INFOPLIST_KEY_UISupportedInterfaceOrientations_iPad = "UIInterfaceOrientationPortrait UIInterfaceOrientationPortraitUpsideDown UIInterfaceOrientationLandscapeLeft UIInterfaceOrientationLandscapeRight";
				INFOPLIST_KEY_UISupportedInterfaceOrientations_iPhone = "UIInterfaceOrientationPortrait UIInterfaceOrientationLandscapeLeft UIInterfaceOrientationLandscapeRight";
				LD_RUNPATH_SEARCH_PATHS = (
					"$(inherited)",
					"@executable_path/Frameworks",
				);
				MARKETING_VERSION = 1.0;
				PRODUCT_BUNDLE_IDENTIFIER = "d.Firebase-Login-Test";
				PRODUCT_NAME = "$(TARGET_NAME)";
				SWIFT_EMIT_LOC_STRINGS = YES;
				SWIFT_VERSION = 5.0;
				TARGETED_DEVICE_FAMILY = "1,2";
			};
			name = Debug;
		};
		232780F62AE6FED600D6159F /* Release */ = {
			isa = XCBuildConfiguration;
			buildSettings = {
				ASSETCATALOG_COMPILER_APPICON_NAME = AppIcon;
				ASSETCATALOG_COMPILER_GLOBAL_ACCENT_COLOR_NAME = AccentColor;
				CODE_SIGN_STYLE = Automatic;
				CURRENT_PROJECT_VERSION = 1;
				DEVELOPMENT_ASSET_PATHS = "\"Firebase_Login_Test/Preview Content\"";
				DEVELOPMENT_TEAM = 4DZJGNL44Y;
				ENABLE_PREVIEWS = YES;
				GENERATE_INFOPLIST_FILE = YES;
				INFOPLIST_KEY_UIApplicationSceneManifest_Generation = YES;
				INFOPLIST_KEY_UIApplicationSupportsIndirectInputEvents = YES;
				INFOPLIST_KEY_UILaunchScreen_Generation = YES;
				INFOPLIST_KEY_UISupportedInterfaceOrientations_iPad = "UIInterfaceOrientationPortrait UIInterfaceOrientationPortraitUpsideDown UIInterfaceOrientationLandscapeLeft UIInterfaceOrientationLandscapeRight";
				INFOPLIST_KEY_UISupportedInterfaceOrientations_iPhone = "UIInterfaceOrientationPortrait UIInterfaceOrientationLandscapeLeft UIInterfaceOrientationLandscapeRight";
				LD_RUNPATH_SEARCH_PATHS = (
					"$(inherited)",
					"@executable_path/Frameworks",
				);
				MARKETING_VERSION = 1.0;
				PRODUCT_BUNDLE_IDENTIFIER = "d.Firebase-Login-Test";
				PRODUCT_NAME = "$(TARGET_NAME)";
				SWIFT_EMIT_LOC_STRINGS = YES;
				SWIFT_VERSION = 5.0;
				TARGETED_DEVICE_FAMILY = "1,2";
			};
			name = Release;
		};
/* End XCBuildConfiguration section */

/* Begin XCConfigurationList section */
		232780E12AE6FED500D6159F /* Build configuration list for PBXProject "Firebase_Login_Test" */ = {
			isa = XCConfigurationList;
			buildConfigurations = (
				232780F22AE6FED600D6159F /* Debug */,
				232780F32AE6FED600D6159F /* Release */,
			);
			defaultConfigurationIsVisible = 0;
			defaultConfigurationName = Release;
		};
		232780F42AE6FED600D6159F /* Build configuration list for PBXNativeTarget "Firebase_Login_Test" */ = {
			isa = XCConfigurationList;
			buildConfigurations = (
				232780F52AE6FED600D6159F /* Debug */,
				232780F62AE6FED600D6159F /* Release */,
			);
			defaultConfigurationIsVisible = 0;
			defaultConfigurationName = Release;
		};
/* End XCConfigurationList section */

/* Begin XCRemoteSwiftPackageReference section */
		232780F92AE7019800D6159F /* XCRemoteSwiftPackageReference "firebase-ios-sdk" */ = {
			isa = XCRemoteSwiftPackageReference;
			repositoryURL = "https://github.com/firebase/firebase-ios-sdk";
			requirement = {
				kind = upToNextMajorVersion;
				minimumVersion = 9.0.0;
			};
		};
/* End XCRemoteSwiftPackageReference section */

/* Begin XCSwiftPackageProductDependency section */
		232780FA2AE7019800D6159F /* FirebaseAuth */ = {
			isa = XCSwiftPackageProductDependency;
			package = 232780F92AE7019800D6159F /* XCRemoteSwiftPackageReference "firebase-ios-sdk" */;
			productName = FirebaseAuth;
		};
		232780FC2AE7019800D6159F /* FirebaseDatabase */ = {
			isa = XCSwiftPackageProductDependency;
			package = 232780F92AE7019800D6159F /* XCRemoteSwiftPackageReference "firebase-ios-sdk" */;
			productName = FirebaseDatabase;
		};
		232780FE2AE7019800D6159F /* FirebaseFirestore */ = {
			isa = XCSwiftPackageProductDependency;
			package = 232780F92AE7019800D6159F /* XCRemoteSwiftPackageReference "firebase-ios-sdk" */;
			productName = FirebaseFirestore;
		};
		232781002AE7019800D6159F /* FirebaseFirestoreSwift */ = {
			isa = XCSwiftPackageProductDependency;
			package = 232780F92AE7019800D6159F /* XCRemoteSwiftPackageReference "firebase-ios-sdk" */;
			productName = FirebaseFirestoreSwift;
		};
		232781022AE7019800D6159F /* FirebaseStorage */ = {
			isa = XCSwiftPackageProductDependency;
			package = 232780F92AE7019800D6159F /* XCRemoteSwiftPackageReference "firebase-ios-sdk" */;
			productName = FirebaseStorage;
		};
/* End XCSwiftPackageProductDependency section */
	};
	rootObject = 232780DE2AE6FED500D6159F /* Project object */;
}
